
Microsoft Visual Studio Solution File, Format Version 12.00
# Visual Studio Version 17
VisualStudioVersion = 17.11.35327.3
MinimumVisualStudioVersion = 10.0.40219.1
Project("{9A19103F-16F7-4668-BE54-9A1E7A4F7556}") = "WebApplication1", "WebApplication1\WebApplication1.csproj", "{7E6E229A-A197-4723-A3E4-AC1B181CE324}"
EndProject
Project("{9A19103F-16F7-4668-BE54-9A1E7A4F7556}") = "ExtendedServiceProvider", "ExtendedServiceProvider\ExtendedServiceProvider.csproj", "{5A867DF1-51D4-4904-BC27-66961259A036}"
EndProject
Project("{2150E333-8FDC-42A3-9474-1A3956D46DE8}") = "Solution Items", "Solution Items", "{DB793F56-FDD7-4E26-8D78-3224FA049174}"
	ProjectSection(SolutionItems) = preProject
		.gitignore = .gitignore
	EndProjectSection
EndProject
Global
	GlobalSection(SolutionConfigurationPlatforms) = preSolution
		Debug|Any CPU = Debug|Any CPU
		Release|Any CPU = Release|Any CPU
	EndGlobalSection
	GlobalSection(ProjectConfigurationPlatforms) = postSolution
		{7E6E229A-A197-4723-A3E4-AC1B181CE324}.Debug|Any CPU.ActiveCfg = Debug|Any CPU
		{7E6E229A-A197-4723-A3E4-AC1B181CE324}.Debug|Any CPU.Build.0 = Debug|Any CPU
		{7E6E229A-A197-4723-A3E4-AC1B181CE324}.Release|Any CPU.ActiveCfg = Release|Any CPU
		{7E6E229A-A197-4723-A3E4-AC1B181CE324}.Release|Any CPU.Build.0 = Release|Any CPU
		{5A867DF1-51D4-4904-BC27-66961259A036}.Debug|Any CPU.ActiveCfg = Debug|Any CPU
		{5A867DF1-51D4-4904-BC27-66961259A036}.Debug|Any CPU.Build.0 = Debug|Any CPU
		{5A867DF1-51D4-4904-BC27-66961259A036}.Release|Any CPU.ActiveCfg = Release|Any CPU
		{5A867DF1-51D4-4904-BC27-66961259A036}.Release|Any CPU.Build.0 = Release|Any CPU
	EndGlobalSection
	GlobalSection(SolutionProperties) = preSolution
		HideSolutionNode = FALSE
	EndGlobalSection
	GlobalSection(ExtensibilityGlobals) = postSolution
		SolutionGuid = {91646F29-94B8-48B2-85AC-9FEFD7B2DFD6}
	EndGlobalSection
EndGlobal
